
Microsoft Visual Studio Solution File, Format Version 12.00
# Visual Studio Version 16
VisualStudioVersion = 16.0.32901.82
MinimumVisualStudioVersion = 10.0.40219.1
Project("{FAE04EC0-301F-11D3-BF4B-00C04F79EFBC}") = "ClassifiedsWebsite", "ClassifiedsWebsite\ClassifiedsWebsite.csproj", "{C76D0E60-FFE3-4DC3-820A-E84128F051B2}"
EndProject
Global
	GlobalSection(SolutionConfigurationPlatforms) = preSolution
		Debug|Any CPU = Debug|Any CPU
		Release|Any CPU = Release|Any CPU
	EndGlobalSection
	GlobalSection(ProjectConfigurationPlatforms) = postSolution
		{C76D0E60-FFE3-4DC3-820A-E84128F051B2}.Debug|Any CPU.ActiveCfg = Debug|Any CPU
		{C76D0E60-FFE3-4DC3-820A-E84128F051B2}.Debug|Any CPU.Build.0 = Debug|Any CPU
		{C76D0E60-FFE3-4DC3-820A-E84128F051B2}.Release|Any CPU.ActiveCfg = Release|Any CPU
		{C76D0E60-FFE3-4DC3-820A-E84128F051B2}.Release|Any CPU.Build.0 = Release|Any CPU
	EndGlobalSection
	GlobalSection(SolutionProperties) = preSolution
		HideSolutionNode = FALSE
	EndGlobalSection
	GlobalSection(ExtensibilityGlobals) = postSolution
		SolutionGuid = {DDC0E91F-56D3-4377-9D15-80BD7FE2BD1B}
	EndGlobalSection
EndGlobal
